
Microsoft Visual Studio Solution File, Format Version 12.00
# Visual Studio 14
VisualStudioVersion = 14.0.25420.1
MinimumVisualStudioVersion = 10.0.40219.1
Project("{FAE04EC0-301F-11D3-BF4B-00C04F79EFBC}") = "ProblemsWithoutSynchronization", "ProblemsWithoutSynchronization\ProblemsWithoutSynchronization.csproj", "{419B167E-01B1-45EB-B63C-2291FE518E86}"
EndProject
Project("{FAE04EC0-301F-11D3-BF4B-00C04F79EFBC}") = "Synchronization", "Synchronization\Synchronization.csproj", "{FAACB0BA-8335-49B0-9FBB-A763416A4EFD}"
EndProject
Global
	GlobalSection(SolutionConfigurationPlatforms) = preSolution
		Debug|Any CPU = Debug|Any CPU
		Release|Any CPU = Release|Any CPU
	EndGlobalSection
	GlobalSection(ProjectConfigurationPlatforms) = postSolution
		{419B167E-01B1-45EB-B63C-2291FE518E86}.Debug|Any CPU.ActiveCfg = Debug|Any CPU
		{419B167E-01B1-45EB-B63C-2291FE518E86}.Debug|Any CPU.Build.0 = Debug|Any CPU
		{419B167E-01B1-45EB-B63C-2291FE518E86}.Release|Any CPU.ActiveCfg = Release|Any CPU
		{419B167E-01B1-45EB-B63C-2291FE518E86}.Release|Any CPU.Build.0 = Release|Any CPU
		{FAACB0BA-8335-49B0-9FBB-A763416A4EFD}.Debug|Any CPU.ActiveCfg = Debug|Any CPU
		{FAACB0BA-8335-49B0-9FBB-A763416A4EFD}.Debug|Any CPU.Build.0 = Debug|Any CPU
		{FAACB0BA-8335-49B0-9FBB-A763416A4EFD}.Release|Any CPU.ActiveCfg = Release|Any CPU
		{FAACB0BA-8335-49B0-9FBB-A763416A4EFD}.Release|Any CPU.Build.0 = Release|Any CPU
	EndGlobalSection
	GlobalSection(SolutionProperties) = preSolution
		HideSolutionNode = FALSE
	EndGlobalSection
EndGlobal
